
Microsoft Visual Studio Solution File, Format Version 12.00
# Visual Studio Version 16
VisualStudioVersion = 16.0.29519.181
MinimumVisualStudioVersion = 10.0.40219.1
Project("{FAE04EC0-301F-11D3-BF4B-00C04F79EFBC}") = "CURDOperationWithMVC", "CURDOperationWithMVC\CURDOperationWithMVC.csproj", "{93EB0F52-77C6-45EE-9CB1-46CF29189441}"
EndProject
Global
	GlobalSection(SolutionConfigurationPlatforms) = preSolution
		Debug|Any CPU = Debug|Any CPU
		Release|Any CPU = Release|Any CPU
	EndGlobalSection
	GlobalSection(ProjectConfigurationPlatforms) = postSolution
		{93EB0F52-77C6-45EE-9CB1-46CF29189441}.Debug|Any CPU.ActiveCfg = Debug|Any CPU
		{93EB0F52-77C6-45EE-9CB1-46CF29189441}.Debug|Any CPU.Build.0 = Debug|Any CPU
		{93EB0F52-77C6-45EE-9CB1-46CF29189441}.Release|Any CPU.ActiveCfg = Release|Any CPU
		{93EB0F52-77C6-45EE-9CB1-46CF29189441}.Release|Any CPU.Build.0 = Release|Any CPU
	EndGlobalSection
	GlobalSection(SolutionProperties) = preSolution
		HideSolutionNode = FALSE
	EndGlobalSection
	GlobalSection(ExtensibilityGlobals) = postSolution
		SolutionGuid = {36D67ECA-CB63-4011-814A-2FCBFDEB8671}
	EndGlobalSection
EndGlobal
